
Microsoft Visual Studio Solution File, Format Version 12.00
# Visual Studio Version 16
VisualStudioVersion = 16.0.32802.440
MinimumVisualStudioVersion = 10.0.40219.1
Project("{FAE04EC0-301F-11D3-BF4B-00C04F79EFBC}") = "Shop", "Shop\Shop.csproj", "{861AC370-E8DB-4839-8AC4-5C16715CE94E}"
EndProject
Global
	GlobalSection(SolutionConfigurationPlatforms) = preSolution
		Debug|Any CPU = Debug|Any CPU
		Release|Any CPU = Release|Any CPU
	EndGlobalSection
	GlobalSection(ProjectConfigurationPlatforms) = postSolution
		{861AC370-E8DB-4839-8AC4-5C16715CE94E}.Debug|Any CPU.ActiveCfg = Debug|Any CPU
		{861AC370-E8DB-4839-8AC4-5C16715CE94E}.Debug|Any CPU.Build.0 = Debug|Any CPU
		{861AC370-E8DB-4839-8AC4-5C16715CE94E}.Release|Any CPU.ActiveCfg = Release|Any CPU
		{861AC370-E8DB-4839-8AC4-5C16715CE94E}.Release|Any CPU.Build.0 = Release|Any CPU
	EndGlobalSection
	GlobalSection(SolutionProperties) = preSolution
		HideSolutionNode = FALSE
	EndGlobalSection
	GlobalSection(ExtensibilityGlobals) = postSolution
		SolutionGuid = {38C81B7C-FBE9-4CD5-887B-16816F3125EB}
	EndGlobalSection
EndGlobal
